
Microsoft Visual Studio Solution File, Format Version 12.00
# Visual Studio Version 16
VisualStudioVersion = 16.0.32228.343
MinimumVisualStudioVersion = 10.0.40219.1
Project("{FAE04EC0-301F-11D3-BF4B-00C04F79EFBC}") = "DataAcces", "DataAcces\DataAcces.csproj", "{06AFC525-D904-4C1B-94D1-E8F1FE488DB3}"
EndProject
Project("{FAE04EC0-301F-11D3-BF4B-00C04F79EFBC}") = "BLL", "BLL\BLL.csproj", "{6DE1FA1B-DCC5-49A3-A903-BDA64178F712}"
EndProject
Project("{FAE04EC0-301F-11D3-BF4B-00C04F79EFBC}") = "UI", "UI\UI.csproj", "{EB4C8B76-01A2-4599-86E4-53594B329BA4}"
EndProject
Global
	GlobalSection(SolutionConfigurationPlatforms) = preSolution
		Debug|Any CPU = Debug|Any CPU
		Release|Any CPU = Release|Any CPU
	EndGlobalSection
	GlobalSection(ProjectConfigurationPlatforms) = postSolution
		{06AFC525-D904-4C1B-94D1-E8F1FE488DB3}.Debug|Any CPU.ActiveCfg = Debug|Any CPU
		{06AFC525-D904-4C1B-94D1-E8F1FE488DB3}.Debug|Any CPU.Build.0 = Debug|Any CPU
		{06AFC525-D904-4C1B-94D1-E8F1FE488DB3}.Release|Any CPU.ActiveCfg = Release|Any CPU
		{06AFC525-D904-4C1B-94D1-E8F1FE488DB3}.Release|Any CPU.Build.0 = Release|Any CPU
		{6DE1FA1B-DCC5-49A3-A903-BDA64178F712}.Debug|Any CPU.ActiveCfg = Debug|Any CPU
		{6DE1FA1B-DCC5-49A3-A903-BDA64178F712}.Debug|Any CPU.Build.0 = Debug|Any CPU
		{6DE1FA1B-DCC5-49A3-A903-BDA64178F712}.Release|Any CPU.ActiveCfg = Release|Any CPU
		{6DE1FA1B-DCC5-49A3-A903-BDA64178F712}.Release|Any CPU.Build.0 = Release|Any CPU
		{EB4C8B76-01A2-4599-86E4-53594B329BA4}.Debug|Any CPU.ActiveCfg = Debug|Any CPU
		{EB4C8B76-01A2-4599-86E4-53594B329BA4}.Debug|Any CPU.Build.0 = Debug|Any CPU
		{EB4C8B76-01A2-4599-86E4-53594B329BA4}.Release|Any CPU.ActiveCfg = Release|Any CPU
		{EB4C8B76-01A2-4599-86E4-53594B329BA4}.Release|Any CPU.Build.0 = Release|Any CPU
	EndGlobalSection
	GlobalSection(SolutionProperties) = preSolution
		HideSolutionNode = FALSE
	EndGlobalSection
	GlobalSection(ExtensibilityGlobals) = postSolution
		SolutionGuid = {A4EC6624-8ED2-44F3-9DC3-3A21B2F00359}
	EndGlobalSection
EndGlobal
